<?xml version="1.0" encoding="utf-8"?>
<Project ToolsVersion="4.0" xmlns="http://schemas.microsoft.com/developer/msbuild/2003">
  <ItemGroup>
    <ClCompile Include="Main.cpp" />
    <ClCompile Include="template.cpp">
      <Filter>Old\template</Filter>
    </ClCompile>
    <ClCompile Include="surface.cpp">
      <Filter>Old\template</Filter>
    </ClCompile>
    <ClCompile Include="game.cpp">
      <Filter>Old</Filter>
    </ClCompile>
    <ClCompile Include="tank.cpp">
      <Filter>Old</Filter>
    </ClCompile>
    <ClCompile Include="particle_beam.cpp">
      <Filter>Old</Filter>
    </ClCompile>
    <ClCompile Include="smoke.cpp">
      <Filter>Old</Filter>
    </ClCompile>
    <ClCompile Include="rocket.cpp">
      <Filter>Old</Filter>
    </ClCompile>
    <ClCompile Include="explosion.cpp">
      <Filter>Old</Filter>
    </ClCompile>
    <ClCompile Include="FileIO.cpp">
      <Filter>Utility\IO</Filter>
    </ClCompile>
    <ClCompile Include="LodePNG.cpp">
      <Filter>Utility\IO</Filter>
    </ClCompile>
    <ClCompile Include="CLCompiler.cpp">
      <Filter>GPU\OpenCL</Filter>
    </ClCompile>
    <ClCompile Include="WindowController.cpp">
      <Filter>GPU\Renderer</Filter>
    </ClCompile>
    <ClCompile Include="GLCompiler.cpp">
      <Filter>GPU\OpenGL</Filter>
    </ClCompile>
    <ClCompile Include="EntityTank.cpp">
      <Filter>Game\Entity</Filter>
    </ClCompile>
    <ClCompile Include="EntityRocket.cpp">
      <Filter>Game\Entity</Filter>
    </ClCompile>
    <ClCompile Include="IEntity.cpp">
      <Filter>Game\Entity</Filter>
    </ClCompile>
    <ClCompile Include="EntityBeam.cpp">
      <Filter>Game\Entity</Filter>
    </ClCompile>
  </ItemGroup>
  <ItemGroup>
    <Filter Include="Utility">
      <UniqueIdentifier>{d46ec602-c36f-4217-8956-b5e22e0d8762}</UniqueIdentifier>
    </Filter>
    <Filter Include="Utility\Core">
      <UniqueIdentifier>{33a4cd73-46a7-478b-ba64-9e2cca6efd0e}</UniqueIdentifier>
    </Filter>
    <Filter Include="Utility\Traits">
      <UniqueIdentifier>{30909c42-12f5-472f-aa52-340bfaa430c8}</UniqueIdentifier>
    </Filter>
    <Filter Include="Game">
      <UniqueIdentifier>{8f3370a0-ef6c-4b19-99fe-156ec02595c5}</UniqueIdentifier>
    </Filter>
    <Filter Include="Old">
      <UniqueIdentifier>{21693206-6c00-452b-bdd8-b75b8d0aaf7b}</UniqueIdentifier>
    </Filter>
    <Filter Include="Old\template">
      <UniqueIdentifier>{16e6dc04-1435-4aec-be3a-f7210f21e58e}</UniqueIdentifier>
    </Filter>
    <Filter Include="Game\Entity">
      <UniqueIdentifier>{dbd37f14-330b-450a-acb4-c180b6e25ebb}</UniqueIdentifier>
    </Filter>
    <Filter Include="Utility\IO">
      <UniqueIdentifier>{728dcab6-474c-4223-924a-8a41678d8f24}</UniqueIdentifier>
    </Filter>
    <Filter Include="GPU">
      <UniqueIdentifier>{583b0631-d848-48dc-b838-1e203d9f4617}</UniqueIdentifier>
    </Filter>
    <Filter Include="GPU\OpenGL">
      <UniqueIdentifier>{bf0ccf4a-b4f7-4354-b8da-c01ca15a68be}</UniqueIdentifier>
    </Filter>
    <Filter Include="GPU\OpenCL">
      <UniqueIdentifier>{8a0bd270-15ee-440b-ac7b-0a8e57cec4eb}</UniqueIdentifier>
    </Filter>
    <Filter Include="GPU\OpenCL\Kernels">
      <UniqueIdentifier>{90d31483-29ea-420d-beb7-fc5f57997b77}</UniqueIdentifier>
    </Filter>
    <Filter Include="GPU\OpenGL\Shaders">
      <UniqueIdentifier>{7fe36fec-f86a-4df4-beea-cf9140e8cfbd}</UniqueIdentifier>
    </Filter>
    <Filter Include="GPU\Renderer">
      <UniqueIdentifier>{3c06650c-bd1c-4d72-bea0-8fcbe9377a7e}</UniqueIdentifier>
    </Filter>
  </ItemGroup>
  <ItemGroup>
    <ClInclude Include="Core.h">
      <Filter>Utility\Core</Filter>
    </ClInclude>
    <ClInclude Include="Typedefs.h">
      <Filter>Utility\Core</Filter>
    </ClInclude>
    <ClInclude Include="Terminate.h">
      <Filter>Utility\Core</Filter>
    </ClInclude>
    <ClInclude Include="Buffer.h">
      <Filter>Utility</Filter>
    </ClInclude>
    <ClInclude Include="StringUtils.h">
      <Filter>Utility</Filter>
    </ClInclude>
    <ClInclude Include="Pack.h">
      <Filter>Utility\Traits</Filter>
    </ClInclude>
    <ClInclude Include="GameController.h">
      <Filter>Game</Filter>
    </ClInclude>
    <ClInclude Include="template.h">
      <Filter>Old\template</Filter>
    </ClInclude>
    <ClInclude Include="pch.h">
      <Filter>Old\template</Filter>
    </ClInclude>
    <ClInclude Include="surface.h">
      <Filter>Old\template</Filter>
    </ClInclude>
    <ClInclude Include="game.h">
      <Filter>Old</Filter>
    </ClInclude>
    <ClInclude Include="tank.h">
      <Filter>Old</Filter>
    </ClInclude>
    <ClInclude Include="particle_beam.h">
      <Filter>Old</Filter>
    </ClInclude>
    <ClInclude Include="smoke.h">
      <Filter>Old</Filter>
    </ClInclude>
    <ClInclude Include="rocket.h">
      <Filter>Old</Filter>
    </ClInclude>
    <ClInclude Include="explosion.h">
      <Filter>Old</Filter>
    </ClInclude>
    <ClInclude Include="IEntity.h">
      <Filter>Game\Entity</Filter>
    </ClInclude>
    <ClInclude Include="VariadicStorage.h">
      <Filter>Utility</Filter>
    </ClInclude>
    <ClInclude Include="VariadicSplitter.h">
      <Filter>Utility\Traits</Filter>
    </ClInclude>
    <ClInclude Include="Utility.h">
      <Filter>Utility\Core</Filter>
    </ClInclude>
    <ClInclude Include="FileIO.h">
      <Filter>Utility\IO</Filter>
    </ClInclude>
    <ClInclude Include="LodePNG.h">
      <Filter>Utility\IO</Filter>
    </ClInclude>
    <ClInclude Include="PNGLoader.h">
      <Filter>Utility\IO</Filter>
    </ClInclude>
    <ClInclude Include="IGPURunnable.h">
      <Filter>GPU</Filter>
    </ClInclude>
    <ClInclude Include="GLProgram.h">
      <Filter>GPU\OpenGL</Filter>
    </ClInclude>
    <ClInclude Include="CLProgram.h">
      <Filter>GPU\OpenCL</Filter>
    </ClInclude>
    <ClInclude Include="IGPUCompiler.h">
      <Filter>GPU</Filter>
    </ClInclude>
    <ClInclude Include="GLCompiler.h">
      <Filter>GPU\OpenGL</Filter>
    </ClInclude>
    <ClInclude Include="IGPUBuffer.h">
      <Filter>GPU</Filter>
    </ClInclude>
    <ClInclude Include="GLBuffer.h">
      <Filter>GPU\OpenGL</Filter>
    </ClInclude>
    <ClInclude Include="CLBuffer.h">
      <Filter>GPU\OpenCL</Filter>
    </ClInclude>
    <ClInclude Include="CLCompiler.h">
      <Filter>GPU\OpenCL</Filter>
    </ClInclude>
    <ClInclude Include="CLGroupSize.h">
      <Filter>GPU\OpenCL</Filter>
    </ClInclude>
    <ClInclude Include="ILayoutObject.h">
      <Filter>GPU</Filter>
    </ClInclude>
    <ClInclude Include="ExtractVectorDetails.h">
      <Filter>Utility\Traits</Filter>
    </ClInclude>
    <ClInclude Include="WindowController.h">
      <Filter>GPU\Renderer</Filter>
    </ClInclude>
    <ClInclude Include="GLSetUniform.h">
      <Filter>GPU\OpenGL</Filter>
    </ClInclude>
    <ClInclude Include="TextureManager.h">
      <Filter>GPU\OpenGL</Filter>
    </ClInclude>
    <ClInclude Include="EntityTank.h">
      <Filter>Game\Entity</Filter>
    </ClInclude>
    <ClInclude Include="Teams.h">
      <Filter>Game</Filter>
    </ClInclude>
    <ClInclude Include="ITextureProvider.h">
      <Filter>GPU\OpenGL</Filter>
    </ClInclude>
    <ClInclude Include="Renderer2D.h">
      <Filter>GPU\Renderer</Filter>
    </ClInclude>
    <ClInclude Include="EntityList.h">
      <Filter>Game\Entity</Filter>
    </ClInclude>
    <ClInclude Include="GameConstants.h">
      <Filter>Game</Filter>
    </ClInclude>
    <ClInclude Include="ConstexprArg.h">
      <Filter>Utility\Traits</Filter>
    </ClInclude>
    <ClInclude Include="ExtractArrayDetails.h">
      <Filter>Utility\Traits</Filter>
    </ClInclude>
    <ClInclude Include="EntityRocket.h">
      <Filter>Game\Entity</Filter>
    </ClInclude>
    <ClInclude Include="Timer.h">
      <Filter>Utility</Filter>
    </ClInclude>
    <ClInclude Include="EntityBackground.h">
      <Filter>Game\Entity</Filter>
    </ClInclude>
    <ClInclude Include="EntityRotating.h">
      <Filter>Game\Entity</Filter>
    </ClInclude>
    <ClInclude Include="EntitySmoke.h">
      <Filter>Game\Entity</Filter>
    </ClInclude>
    <ClInclude Include="EntityExplosion.h">
      <Filter>Game\Entity</Filter>
    </ClInclude>
    <ClInclude Include="StaticPolymorphism.h">
      <Filter>Utility\Traits</Filter>
    </ClInclude>
    <ClInclude Include="PolyVector.h">
      <Filter>Utility\Traits</Filter>
    </ClInclude>
    <ClInclude Include="TakesOverload.h">
      <Filter>Utility\Traits</Filter>
    </ClInclude>
    <ClInclude Include="PolyContainer.h">
      <Filter>Utility\Traits</Filter>
    </ClInclude>
    <ClInclude Include="PolyContainerHelpers.h">
      <Filter>Utility\Traits</Filter>
    </ClInclude>
    <ClInclude Include="EntityBeam.h">
      <Filter>Game\Entity</Filter>
    </ClInclude>
    <ClInclude Include="IsSpecialization.h">
      <Filter>Utility\Traits</Filter>
    </ClInclude>
  </ItemGroup>
  <ItemGroup>
    <None Include="..\copy_to_build\kernels\test.cl">
      <Filter>GPU\OpenCL\Kernels</Filter>
    </None>
    <None Include="..\copy_to_build\shaders\batch.frag.glsl">
      <Filter>GPU\OpenGL\Shaders</Filter>
    </None>
    <None Include="..\copy_to_build\shaders\batch.vert.glsl">
      <Filter>GPU\OpenGL\Shaders</Filter>
    </None>
    <None Include="..\copy_to_build\shaders\batch.geo.glsl">
      <Filter>GPU\OpenGL\Shaders</Filter>
    </None>
    <None Include="..\copy_to_build\shaders\test.frag.glsl">
      <Filter>GPU\OpenGL\Shaders</Filter>
    </None>
    <None Include="..\copy_to_build\shaders\test.vert.glsl">
      <Filter>GPU\OpenGL\Shaders</Filter>
    </None>
  </ItemGroup>
</Project>